
Microsoft Visual Studio Solution File, Format Version 12.00
# Visual Studio Version 17
VisualStudioVersion = 17.5.33414.496
MinimumVisualStudioVersion = 10.0.40219.1
Project("{FAE04EC0-301F-11D3-BF4B-00C04F79EFBC}") = "JURNAL_MODUL8_1302213035", "JURNAL_MODUL8_1302213035.csproj", "{F667E4F9-F03A-441E-BE6C-CE75197CEC01}"
EndProject
Global
	GlobalSection(SolutionConfigurationPlatforms) = preSolution
		Debug|Any CPU = Debug|Any CPU
		Release|Any CPU = Release|Any CPU
	EndGlobalSection
	GlobalSection(ProjectConfigurationPlatforms) = postSolution
		{F667E4F9-F03A-441E-BE6C-CE75197CEC01}.Debug|Any CPU.ActiveCfg = Debug|Any CPU
		{F667E4F9-F03A-441E-BE6C-CE75197CEC01}.Debug|Any CPU.Build.0 = Debug|Any CPU
		{F667E4F9-F03A-441E-BE6C-CE75197CEC01}.Release|Any CPU.ActiveCfg = Release|Any CPU
		{F667E4F9-F03A-441E-BE6C-CE75197CEC01}.Release|Any CPU.Build.0 = Release|Any CPU
	EndGlobalSection
	GlobalSection(SolutionProperties) = preSolution
		HideSolutionNode = FALSE
	EndGlobalSection
	GlobalSection(ExtensibilityGlobals) = postSolution
		SolutionGuid = {8782F494-2201-4AB0-8267-95B7803AA232}
	EndGlobalSection
EndGlobal
